
Microsoft Visual Studio Solution File, Format Version 12.00
# Visual Studio Version 17
VisualStudioVersion = 17.7.34024.191
MinimumVisualStudioVersion = 10.0.40219.1
Project("{FAE04EC0-301F-11D3-BF4B-00C04F79EFBC}") = "abc", "abc\abc.csproj", "{9705098D-137F-4F25-8F50-6ADAFDE678BC}"
EndProject
Global
	GlobalSection(SolutionConfigurationPlatforms) = preSolution
		Debug|Any CPU = Debug|Any CPU
		Release|Any CPU = Release|Any CPU
	EndGlobalSection
	GlobalSection(ProjectConfigurationPlatforms) = postSolution
		{9705098D-137F-4F25-8F50-6ADAFDE678BC}.Debug|Any CPU.ActiveCfg = Debug|Any CPU
		{9705098D-137F-4F25-8F50-6ADAFDE678BC}.Debug|Any CPU.Build.0 = Debug|Any CPU
		{9705098D-137F-4F25-8F50-6ADAFDE678BC}.Release|Any CPU.ActiveCfg = Release|Any CPU
		{9705098D-137F-4F25-8F50-6ADAFDE678BC}.Release|Any CPU.Build.0 = Release|Any CPU
	EndGlobalSection
	GlobalSection(SolutionProperties) = preSolution
		HideSolutionNode = FALSE
	EndGlobalSection
	GlobalSection(ExtensibilityGlobals) = postSolution
		SolutionGuid = {53FFF6D0-2AC9-43D8-B6FC-FD65B4BBB480}
	EndGlobalSection
EndGlobal
